
Microsoft Visual Studio Solution File, Format Version 12.00
# Visual Studio 15
Project("{FAE04EC0-301F-11D3-BF4B-00C04F79EFBC}") = "LayoutXF.Android", "LayoutXF.Android\LayoutXF.Android.csproj", "{AF2D9252-D14E-4009-8C4D-F1C0072B5BE0}"
EndProject
Project("{FAE04EC0-301F-11D3-BF4B-00C04F79EFBC}") = "LayoutXF.iOS", "LayoutXF.iOS\LayoutXF.iOS.csproj", "{D863CFCD-36FE-4A79-8420-0490528E0CF4}"
EndProject
Project("{FAE04EC0-301F-11D3-BF4B-00C04F79EFBC}") = "LayoutXF", "LayoutXF\LayoutXF.csproj", "{A5415077-0D0E-4AF7-ABC2-25D6E4AA4675}"
EndProject
Global
	GlobalSection(SolutionConfigurationPlatforms) = preSolution
		Debug|Any CPU = Debug|Any CPU
		Release|Any CPU = Release|Any CPU
		Debug|iPhoneSimulator = Debug|iPhoneSimulator
		Release|iPhoneSimulator = Release|iPhoneSimulator
		Debug|iPhone = Debug|iPhone
		Release|iPhone = Release|iPhone
	EndGlobalSection
	GlobalSection(ProjectConfigurationPlatforms) = postSolution
		{AF2D9252-D14E-4009-8C4D-F1C0072B5BE0}.Debug|Any CPU.ActiveCfg = Debug|Any CPU
		{AF2D9252-D14E-4009-8C4D-F1C0072B5BE0}.Debug|Any CPU.Build.0 = Debug|Any CPU
		{AF2D9252-D14E-4009-8C4D-F1C0072B5BE0}.Release|Any CPU.ActiveCfg = Release|Any CPU
		{AF2D9252-D14E-4009-8C4D-F1C0072B5BE0}.Release|Any CPU.Build.0 = Release|Any CPU
		{AF2D9252-D14E-4009-8C4D-F1C0072B5BE0}.Debug|iPhoneSimulator.ActiveCfg = Debug|Any CPU
		{AF2D9252-D14E-4009-8C4D-F1C0072B5BE0}.Debug|iPhoneSimulator.Build.0 = Debug|Any CPU
		{AF2D9252-D14E-4009-8C4D-F1C0072B5BE0}.Release|iPhoneSimulator.ActiveCfg = Release|Any CPU
		{AF2D9252-D14E-4009-8C4D-F1C0072B5BE0}.Release|iPhoneSimulator.Build.0 = Release|Any CPU
		{AF2D9252-D14E-4009-8C4D-F1C0072B5BE0}.Debug|iPhone.ActiveCfg = Debug|Any CPU
		{AF2D9252-D14E-4009-8C4D-F1C0072B5BE0}.Debug|iPhone.Build.0 = Debug|Any CPU
		{AF2D9252-D14E-4009-8C4D-F1C0072B5BE0}.Release|iPhone.ActiveCfg = Release|Any CPU
		{AF2D9252-D14E-4009-8C4D-F1C0072B5BE0}.Release|iPhone.Build.0 = Release|Any CPU
		{D863CFCD-36FE-4A79-8420-0490528E0CF4}.Debug|Any CPU.ActiveCfg = Debug|iPhoneSimulator
		{D863CFCD-36FE-4A79-8420-0490528E0CF4}.Debug|Any CPU.Build.0 = Debug|iPhoneSimulator
		{D863CFCD-36FE-4A79-8420-0490528E0CF4}.Release|Any CPU.ActiveCfg = Release|iPhoneSimulator
		{D863CFCD-36FE-4A79-8420-0490528E0CF4}.Release|Any CPU.Build.0 = Release|iPhoneSimulator
		{D863CFCD-36FE-4A79-8420-0490528E0CF4}.Debug|iPhoneSimulator.ActiveCfg = Debug|iPhoneSimulator
		{D863CFCD-36FE-4A79-8420-0490528E0CF4}.Debug|iPhoneSimulator.Build.0 = Debug|iPhoneSimulator
		{D863CFCD-36FE-4A79-8420-0490528E0CF4}.Release|iPhoneSimulator.ActiveCfg = Release|iPhoneSimulator
		{D863CFCD-36FE-4A79-8420-0490528E0CF4}.Release|iPhoneSimulator.Build.0 = Release|iPhoneSimulator
		{D863CFCD-36FE-4A79-8420-0490528E0CF4}.Debug|iPhone.ActiveCfg = Debug|iPhone
		{D863CFCD-36FE-4A79-8420-0490528E0CF4}.Debug|iPhone.Build.0 = Debug|iPhone
		{D863CFCD-36FE-4A79-8420-0490528E0CF4}.Release|iPhone.ActiveCfg = Release|iPhone
		{D863CFCD-36FE-4A79-8420-0490528E0CF4}.Release|iPhone.Build.0 = Release|iPhone
		{A5415077-0D0E-4AF7-ABC2-25D6E4AA4675}.Debug|Any CPU.ActiveCfg = Debug|Any CPU
		{A5415077-0D0E-4AF7-ABC2-25D6E4AA4675}.Debug|Any CPU.Build.0 = Debug|Any CPU
		{A5415077-0D0E-4AF7-ABC2-25D6E4AA4675}.Release|Any CPU.ActiveCfg = Release|Any CPU
		{A5415077-0D0E-4AF7-ABC2-25D6E4AA4675}.Release|Any CPU.Build.0 = Release|Any CPU
		{A5415077-0D0E-4AF7-ABC2-25D6E4AA4675}.Debug|iPhoneSimulator.ActiveCfg = Debug|Any CPU
		{A5415077-0D0E-4AF7-ABC2-25D6E4AA4675}.Debug|iPhoneSimulator.Build.0 = Debug|Any CPU
		{A5415077-0D0E-4AF7-ABC2-25D6E4AA4675}.Release|iPhoneSimulator.ActiveCfg = Release|Any CPU
		{A5415077-0D0E-4AF7-ABC2-25D6E4AA4675}.Release|iPhoneSimulator.Build.0 = Release|Any CPU
		{A5415077-0D0E-4AF7-ABC2-25D6E4AA4675}.Debug|iPhone.ActiveCfg = Debug|Any CPU
		{A5415077-0D0E-4AF7-ABC2-25D6E4AA4675}.Debug|iPhone.Build.0 = Debug|Any CPU
		{A5415077-0D0E-4AF7-ABC2-25D6E4AA4675}.Release|iPhone.ActiveCfg = Release|Any CPU
		{A5415077-0D0E-4AF7-ABC2-25D6E4AA4675}.Release|iPhone.Build.0 = Release|Any CPU
	EndGlobalSection
EndGlobal
